
Microsoft Visual Studio Solution File, Format Version 12.00
# Visual Studio Version 17
VisualStudioVersion = 17.1.32210.238
MinimumVisualStudioVersion = 10.0.40219.1
Project("{9A19103F-16F7-4668-BE54-9A1E7A4F7556}") = "DataStructures", "DataStructures\DataStructures.csproj", "{F39E520F-2A0E-41D1-B2F8-5B1051222E62}"
EndProject
Project("{9A19103F-16F7-4668-BE54-9A1E7A4F7556}") = "ConsoleTesting", "ConsoleTesting\ConsoleTesting.csproj", "{EF667EBE-FEDE-45A7-AB2F-EC942F2D63DE}"
EndProject
Project("{9A19103F-16F7-4668-BE54-9A1E7A4F7556}") = "Tests", "Tests\Tests.csproj", "{8B148727-F9AC-41A3-8AAF-A1F8E2889912}"
EndProject
Project("{FAE04EC0-301F-11D3-BF4B-00C04F79EFBC}") = "Events.ConsoleApp", "Events\Events.ConsoleApp.csproj", "{448DAF95-0F55-4BDE-9BA7-35C587AE878B}"
EndProject
Project("{FAE04EC0-301F-11D3-BF4B-00C04F79EFBC}") = "Events.Api", "Events.Api\Events.Api.csproj", "{EB987512-255E-4BEA-A053-5816DF0129BE}"
EndProject
Project("{FAE04EC0-301F-11D3-BF4B-00C04F79EFBC}") = "MediatorEvents.Api", "MediatorEvents.Api\MediatorEvents.Api.csproj", "{21022E96-80B2-4C4E-A3F3-C47FF9301139}"
EndProject
Project("{FAE04EC0-301F-11D3-BF4B-00C04F79EFBC}") = "BenchmarkPerformance", "Benchmarks\BenchmarkPerformance.csproj", "{4D93E002-9BBD-422B-A718-033BB9141932}"
EndProject
Global
	GlobalSection(SolutionConfigurationPlatforms) = preSolution
		Debug|Any CPU = Debug|Any CPU
		Release|Any CPU = Release|Any CPU
	EndGlobalSection
	GlobalSection(ProjectConfigurationPlatforms) = postSolution
		{F39E520F-2A0E-41D1-B2F8-5B1051222E62}.Debug|Any CPU.ActiveCfg = Debug|Any CPU
		{F39E520F-2A0E-41D1-B2F8-5B1051222E62}.Debug|Any CPU.Build.0 = Debug|Any CPU
		{F39E520F-2A0E-41D1-B2F8-5B1051222E62}.Release|Any CPU.ActiveCfg = Release|Any CPU
		{F39E520F-2A0E-41D1-B2F8-5B1051222E62}.Release|Any CPU.Build.0 = Release|Any CPU
		{EF667EBE-FEDE-45A7-AB2F-EC942F2D63DE}.Debug|Any CPU.ActiveCfg = Debug|Any CPU
		{EF667EBE-FEDE-45A7-AB2F-EC942F2D63DE}.Debug|Any CPU.Build.0 = Debug|Any CPU
		{EF667EBE-FEDE-45A7-AB2F-EC942F2D63DE}.Release|Any CPU.ActiveCfg = Release|Any CPU
		{EF667EBE-FEDE-45A7-AB2F-EC942F2D63DE}.Release|Any CPU.Build.0 = Release|Any CPU
		{8B148727-F9AC-41A3-8AAF-A1F8E2889912}.Debug|Any CPU.ActiveCfg = Debug|Any CPU
		{8B148727-F9AC-41A3-8AAF-A1F8E2889912}.Debug|Any CPU.Build.0 = Debug|Any CPU
		{8B148727-F9AC-41A3-8AAF-A1F8E2889912}.Release|Any CPU.ActiveCfg = Release|Any CPU
		{8B148727-F9AC-41A3-8AAF-A1F8E2889912}.Release|Any CPU.Build.0 = Release|Any CPU
		{448DAF95-0F55-4BDE-9BA7-35C587AE878B}.Debug|Any CPU.ActiveCfg = Debug|Any CPU
		{448DAF95-0F55-4BDE-9BA7-35C587AE878B}.Debug|Any CPU.Build.0 = Debug|Any CPU
		{448DAF95-0F55-4BDE-9BA7-35C587AE878B}.Release|Any CPU.ActiveCfg = Release|Any CPU
		{448DAF95-0F55-4BDE-9BA7-35C587AE878B}.Release|Any CPU.Build.0 = Release|Any CPU
		{EB987512-255E-4BEA-A053-5816DF0129BE}.Debug|Any CPU.ActiveCfg = Debug|Any CPU
		{EB987512-255E-4BEA-A053-5816DF0129BE}.Debug|Any CPU.Build.0 = Debug|Any CPU
		{EB987512-255E-4BEA-A053-5816DF0129BE}.Release|Any CPU.ActiveCfg = Release|Any CPU
		{EB987512-255E-4BEA-A053-5816DF0129BE}.Release|Any CPU.Build.0 = Release|Any CPU
		{21022E96-80B2-4C4E-A3F3-C47FF9301139}.Debug|Any CPU.ActiveCfg = Debug|Any CPU
		{21022E96-80B2-4C4E-A3F3-C47FF9301139}.Debug|Any CPU.Build.0 = Debug|Any CPU
		{21022E96-80B2-4C4E-A3F3-C47FF9301139}.Release|Any CPU.ActiveCfg = Release|Any CPU
		{21022E96-80B2-4C4E-A3F3-C47FF9301139}.Release|Any CPU.Build.0 = Release|Any CPU
		{4D93E002-9BBD-422B-A718-033BB9141932}.Debug|Any CPU.ActiveCfg = Debug|Any CPU
		{4D93E002-9BBD-422B-A718-033BB9141932}.Debug|Any CPU.Build.0 = Debug|Any CPU
		{4D93E002-9BBD-422B-A718-033BB9141932}.Release|Any CPU.ActiveCfg = Release|Any CPU
		{4D93E002-9BBD-422B-A718-033BB9141932}.Release|Any CPU.Build.0 = Release|Any CPU
	EndGlobalSection
	GlobalSection(SolutionProperties) = preSolution
		HideSolutionNode = FALSE
	EndGlobalSection
	GlobalSection(ExtensibilityGlobals) = postSolution
		SolutionGuid = {66B3411C-195D-485D-A49E-93EC3300EB32}
	EndGlobalSection
EndGlobal
